
Microsoft Visual Studio Solution File, Format Version 12.00
# Visual Studio 14
VisualStudioVersion = 14.0.25420.1
MinimumVisualStudioVersion = 10.0.40219.1
Project("{D954291E-2A0B-460D-934E-DC6B0785DB48}") = "cpp-feasibility", "cpp-feasibility\cpp-feasibility.shproj", "{CC7B5265-0927-42B4-BD1F-9E79BE56292B}"
EndProject
Global
	GlobalSection(SharedMSBuildProjectFiles) = preSolution
		cpp-feasibility\cpp-feasibility.projitems*{cc7b5265-0927-42b4-bd1f-9e79be56292b}*SharedItemsImports = 13
	EndGlobalSection
	GlobalSection(SolutionProperties) = preSolution
		HideSolutionNode = FALSE
	EndGlobalSection
EndGlobal
